# This file is automatically @generated by Cargo.
# It is not intended for manual editing.
version = 4

[[package]]
name = "gophermap"
version = "0.1.2"
source = "registry+https://github.com/rust-lang/crates.io-index"
checksum = "6ec2186bfad5a5dcbc9307dbc2d2444062300a836ae91b00dd80c3b71c34af3b"

[[package]]
name = "helm-gordo-gopher"
version = "1.0.0"
dependencies = [
 "gophermap",
]
